// !$*UTF8*$!
{
	archiveVersion = 1;
	classes = {
	};
	objectVersion = 46;
	objects = {

/* Begin PBXBuildFile section */
		2CC2BB7015FF04BA00693A32 /* UIKit.framework in Frameworks */ = {isa = PBXBuildFile; fileRef = 2CC2BB6F15FF04BA00693A32 /* UIKit.framework */; };
		2CC2BB7215FF04BA00693A32 /* Foundation.framework in Frameworks */ = {isa = PBXBuildFile; fileRef = 2CC2BB7115FF04BA00693A32 /* Foundation.framework */; };
		2CC2BB7415FF04BA00693A32 /* CoreGraphics.framework in Frameworks */ = {isa = PBXBuildFile; fileRef = 2CC2BB7315FF04BA00693A32 /* CoreGraphics.framework */; };
		2CC2BB7A15FF04BB00693A32 /* InfoPlist.strings in Resources */ = {isa = PBXBuildFile; fileRef = 2CC2BB7815FF04BB00693A32 /* InfoPlist.strings */; };
		2CC2BB7C15FF04BB00693A32 /* main.m in Sources */ = {isa = PBXBuildFile; fileRef = 2CC2BB7B15FF04BB00693A32 /* main.m */; };
		2CC2BB8015FF04BB00693A32 /* AppDelegate.m in Sources */ = {isa = PBXBuildFile; fileRef = 2CC2BB7F15FF04BB00693A32 /* AppDelegate.m */; };
		2CC2BB8315FF04BB00693A32 /* MainStoryboard.storyboard in Resources */ = {isa = PBXBuildFile; fileRef = 2CC2BB8115FF04BB00693A32 /* MainStoryboard.storyboard */; };
		2CC2BB8615FF04BB00693A32 /* ViewController.m in Sources */ = {isa = PBXBuildFile; fileRef = 2CC2BB8515FF04BB00693A32 /* ViewController.m */; };
		2CC2BB8E15FF04E100693A32 /* first.m in Sources */ = {isa = PBXBuildFile; fileRef = 2CC2BB8D15FF04E100693A32 /* first.m */; };
		2CC2BB9115FF04F000693A32 /* second.m in Sources */ = {isa = PBXBuildFile; fileRef = 2CC2BB9015FF04F000693A32 /* second.m */; };
/* End PBXBuildFile section */

/* Begin PBXFileReference section */
		2CC2BB6B15FF04BA00693A32 /* oneviewtoanother.app */ = {isa = PBXFileReference; explicitFileType = wrapper.application; includeInIndex = 0; path = oneviewtoanother.app; sourceTree = BUILT_PRODUCTS_DIR; };
		2CC2BB6F15FF04BA00693A32 /* UIKit.framework */ = {isa = PBXFileReference; lastKnownFileType = wrapper.framework; name = UIKit.framework; path = System/Library/Frameworks/UIKit.framework; sourceTree = SDKROOT; };
		2CC2BB7115FF04BA00693A32 /* Foundation.framework */ = {isa = PBXFileReference; lastKnownFileType = wrapper.framework; name = Foundation.framework; path = System/Library/Frameworks/Foundation.framework; sourceTree = SDKROOT; };
		2CC2BB7315FF04BA00693A32 /* CoreGraphics.framework */ = {isa = PBXFileReference; lastKnownFileType = wrapper.framework; name = CoreGraphics.framework; path = System/Library/Frameworks/CoreGraphics.framework; sourceTree = SDKROOT; };
		2CC2BB7715FF04BA00693A32 /* oneviewtoanother-Info.plist */ = {isa = PBXFileReference; lastKnownFileType = text.plist.xml; path = "oneviewtoanother-Info.plist"; sourceTree = "<group>"; };
		2CC2BB7915FF04BB00693A32 /* en */ = {isa = PBXFileReference; lastKnownFileType = text.plist.strings; name = en; path = en.lproj/InfoPlist.strings; sourceTree = "<group>"; };
		2CC2BB7B15FF04BB00693A32 /* main.m */ = {isa = PBXFileReference; lastKnownFileType = sourcecode.c.objc; path = main.m; sourceTree = "<group>"; };
		2CC2BB7D15FF04BB00693A32 /* oneviewtoanother-Prefix.pch */ = {isa = PBXFileReference; lastKnownFileType = sourcecode.c.h; path = "oneviewtoanother-Prefix.pch"; sourceTree = "<group>"; };
		2CC2BB7E15FF04BB00693A32 /* AppDelegate.h */ = {isa = PBXFileReference; lastKnownFileType = sourcecode.c.h; path = AppDelegate.h; sourceTree = "<group>"; };
		2CC2BB7F15FF04BB00693A32 /* AppDelegate.m */ = {isa = PBXFileReference; lastKnownFileType = sourcecode.c.objc; path = AppDelegate.m; sourceTree = "<group>"; };
		2CC2BB8215FF04BB00693A32 /* en */ = {isa = PBXFileReference; lastKnownFileType = file.storyboard; name = en; path = en.lproj/MainStoryboard.storyboard; sourceTree = "<group>"; };
		2CC2BB8415FF04BB00693A32 /* ViewController.h */ = {isa = PBXFileReference; lastKnownFileType = sourcecode.c.h; path = ViewController.h; sourceTree = "<group>"; };
		2CC2BB8515FF04BB00693A32 /* ViewController.m */ = {isa = PBXFileReference; lastKnownFileType = sourcecode.c.objc; path = ViewController.m; sourceTree = "<group>"; };
		2CC2BB8C15FF04E100693A32 /* first.h */ = {isa = PBXFileReference; fileEncoding = 4; lastKnownFileType = sourcecode.c.h; path = first.h; sourceTree = "<group>"; };
		2CC2BB8D15FF04E100693A32 /* first.m */ = {isa = PBXFileReference; fileEncoding = 4; lastKnownFileType = sourcecode.c.objc; path = first.m; sourceTree = "<group>"; };
		2CC2BB8F15FF04F000693A32 /* second.h */ = {isa = PBXFileReference; fileEncoding = 4; lastKnownFileType = sourcecode.c.h; path = second.h; sourceTree = "<group>"; };
		2CC2BB9015FF04F000693A32 /* second.m */ = {isa = PBXFileReference; fileEncoding = 4; lastKnownFileType = sourcecode.c.objc; path = second.m; sourceTree = "<group>"; };
/* End PBXFileReference section */

/* Begin PBXFrameworksBuildPhase section */
		2CC2BB6815FF04BA00693A32 /* Frameworks */ = {
			isa = PBXFrameworksBuildPhase;
			buildActionMask = 2147483647;
			files = (
				2CC2BB7015FF04BA00693A32 /* UIKit.framework in Frameworks */,
				2CC2BB7215FF04BA00693A32 /* Foundation.framework in Frameworks */,
				2CC2BB7415FF04BA00693A32 /* CoreGraphics.framework in Frameworks */,
			);
			runOnlyForDeploymentPostprocessing = 0;
		};
/* End PBXFrameworksBuildPhase section */

/* Begin PBXGroup section */
		2CC2BB6015FF04B900693A32 = {
			isa = PBXGroup;
			children = (
				2CC2BB7515FF04BA00693A32 /* oneviewtoanother */,
				2CC2BB6E15FF04BA00693A32 /* Frameworks */,
				2CC2BB6C15FF04BA00693A32 /* Products */,
			);
			sourceTree = "<group>";
		};
		2CC2BB6C15FF04BA00693A32 /* Products */ = {
			isa = PBXGroup;
			children = (
				2CC2BB6B15FF04BA00693A32 /* oneviewtoanother.app */,
			);
			name = Products;
			sourceTree = "<group>";
		};
		2CC2BB6E15FF04BA00693A32 /* Frameworks */ = {
			isa = PBXGroup;
			children = (
				2CC2BB6F15FF04BA00693A32 /* UIKit.framework */,
				2CC2BB7115FF04BA00693A32 /* Foundation.framework */,
				2CC2BB7315FF04BA00693A32 /* CoreGraphics.framework */,
			);
			name = Frameworks;
			sourceTree = "<group>";
		};
		2CC2BB7515FF04BA00693A32 /* oneviewtoanother */ = {
			isa = PBXGroup;
			children = (
				2CC2BB7E15FF04BB00693A32 /* AppDelegate.h */,
				2CC2BB7F15FF04BB00693A32 /* AppDelegate.m */,
				2CC2BB8115FF04BB00693A32 /* MainStoryboard.storyboard */,
				2CC2BB8415FF04BB00693A32 /* ViewController.h */,
				2CC2BB8515FF04BB00693A32 /* ViewController.m */,
				2CC2BB7615FF04BA00693A32 /* Supporting Files */,
				2CC2BB8C15FF04E100693A32 /* first.h */,
				2CC2BB8D15FF04E100693A32 /* first.m */,
				2CC2BB8F15FF04F000693A32 /* second.h */,
				2CC2BB9015FF04F000693A32 /* second.m */,
			);
			path = oneviewtoanother;
			sourceTree = "<group>";
		};
		2CC2BB7615FF04BA00693A32 /* Supporting Files */ = {
			isa = PBXGroup;
			children = (
				2CC2BB7715FF04BA00693A32 /* oneviewtoanother-Info.plist */,
				2CC2BB7815FF04BB00693A32 /* InfoPlist.strings */,
				2CC2BB7B15FF04BB00693A32 /* main.m */,
				2CC2BB7D15FF04BB00693A32 /* oneviewtoanother-Prefix.pch */,
			);
			name = "Supporting Files";
			sourceTree = "<group>";
		};
/* End PBXGroup section */

/* Begin PBXNativeTarget section */
		2CC2BB6A15FF04BA00693A32 /* oneviewtoanother */ = {
			isa = PBXNativeTarget;
			buildConfigurationList = 2CC2BB8915FF04BB00693A32 /* Build configuration list for PBXNativeTarget "oneviewtoanother" */;
			buildPhases = (
				2CC2BB6715FF04BA00693A32 /* Sources */,
				2CC2BB6815FF04BA00693A32 /* Frameworks */,
				2CC2BB6915FF04BA00693A32 /* Resources */,
			);
			buildRules = (
			);
			dependencies = (
			);
			name = oneviewtoanother;
			productName = oneviewtoanother;
			productReference = 2CC2BB6B15FF04BA00693A32 /* oneviewtoanother.app */;
			productType = "com.apple.product-type.application";
		};
/* End PBXNativeTarget section */

/* Begin PBXProject section */
		2CC2BB6215FF04B900693A32 /* Project object */ = {
			isa = PBXProject;
			attributes = {
				LastUpgradeCheck = 0420;
			};
			buildConfigurationList = 2CC2BB6515FF04B900693A32 /* Build configuration list for PBXProject "oneviewtoanother" */;
			compatibilityVersion = "Xcode 3.2";
			developmentRegion = English;
			hasScannedForEncodings = 0;
			knownRegions = (
				en,
			);
			mainGroup = 2CC2BB6015FF04B900693A32;
			productRefGroup = 2CC2BB6C15FF04BA00693A32 /* Products */;
			projectDirPath = "";
			projectRoot = "";
			targets = (
				2CC2BB6A15FF04BA00693A32 /* oneviewtoanother */,
			);
		};
/* End PBXProject section */

/* Begin PBXResourcesBuildPhase section */
		2CC2BB6915FF04BA00693A32 /* Resources */ = {
			isa = PBXResourcesBuildPhase;
			buildActionMask = 2147483647;
			files = (
				2CC2BB7A15FF04BB00693A32 /* InfoPlist.strings in Resources */,
				2CC2BB8315FF04BB00693A32 /* MainStoryboard.storyboard in Resources */,
			);
			runOnlyForDeploymentPostprocessing = 0;
		};
/* End PBXResourcesBuildPhase section */

/* Begin PBXSourcesBuildPhase section */
		2CC2BB6715FF04BA00693A32 /* Sources */ = {
			isa = PBXSourcesBuildPhase;
			buildActionMask = 2147483647;
			files = (
				2CC2BB7C15FF04BB00693A32 /* main.m in Sources */,
				2CC2BB8015FF04BB00693A32 /* AppDelegate.m in Sources */,
				2CC2BB8615FF04BB00693A32 /* ViewController.m in Sources */,
				2CC2BB8E15FF04E100693A32 /* first.m in Sources */,
				2CC2BB9115FF04F000693A32 /* second.m in Sources */,
			);
			runOnlyForDeploymentPostprocessing = 0;
		};
/* End PBXSourcesBuildPhase section */

/* Begin PBXVariantGroup section */
		2CC2BB7815FF04BB00693A32 /* InfoPlist.strings */ = {
			isa = PBXVariantGroup;
			children = (
				2CC2BB7915FF04BB00693A32 /* en */,
			);
			name = InfoPlist.strings;
			sourceTree = "<group>";
		};
		2CC2BB8115FF04BB00693A32 /* MainStoryboard.storyboard */ = {
			isa = PBXVariantGroup;
			children = (
				2CC2BB8215FF04BB00693A32 /* en */,
			);
			name = MainStoryboard.storyboard;
			sourceTree = "<group>";
		};
/* End PBXVariantGroup section */

/* Begin XCBuildConfiguration section */
		2CC2BB8715FF04BB00693A32 /* Debug */ = {
			isa = XCBuildConfiguration;
			buildSettings = {
				ALWAYS_SEARCH_USER_PATHS = NO;
				ARCHS = "$(ARCHS_STANDARD_32_BIT)";
				"CODE_SIGN_IDENTITY[sdk=iphoneos*]" = "iPhone Developer";
				COPY_PHASE_STRIP = NO;
				GCC_C_LANGUAGE_STANDARD = gnu99;
				GCC_DYNAMIC_NO_PIC = NO;
				GCC_OPTIMIZATION_LEVEL = 0;
				GCC_PREPROCESSOR_DEFINITIONS = (
					"DEBUG=1",
					"$(inherited)",
				);
				GCC_SYMBOLS_PRIVATE_EXTERN = NO;
				GCC_VERSION = com.apple.compilers.llvm.clang.1_0;
				GCC_WARN_ABOUT_MISSING_PROTOTYPES = YES;
				GCC_WARN_ABOUT_RETURN_TYPE = YES;
				GCC_WARN_UNUSED_VARIABLE = YES;
				IPHONEOS_DEPLOYMENT_TARGET = 5.0;
				SDKROOT = iphoneos;
			};
			name = Debug;
		};
		2CC2BB8815FF04BB00693A32 /* Release */ = {
			isa = XCBuildConfiguration;
			buildSettings = {
				ALWAYS_SEARCH_USER_PATHS = NO;
				ARCHS = "$(ARCHS_STANDARD_32_BIT)";
				"CODE_SIGN_IDENTITY[sdk=iphoneos*]" = "iPhone Developer";
				COPY_PHASE_STRIP = YES;
				GCC_C_LANGUAGE_STANDARD = gnu99;
				GCC_VERSION = com.apple.compilers.llvm.clang.1_0;
				GCC_WARN_ABOUT_MISSING_PROTOTYPES = YES;
				GCC_WARN_ABOUT_RETURN_TYPE = YES;
				GCC_WARN_UNUSED_VARIABLE = YES;
				IPHONEOS_DEPLOYMENT_TARGET = 5.0;
				OTHER_CFLAGS = "-DNS_BLOCK_ASSERTIONS=1";
				SDKROOT = iphoneos;
				VALIDATE_PRODUCT = YES;
			};
			name = Release;
		};
		2CC2BB8A15FF04BB00693A32 /* Debug */ = {
			isa = XCBuildConfiguration;
			buildSettings = {
				GCC_PRECOMPILE_PREFIX_HEADER = YES;
				GCC_PREFIX_HEADER = "oneviewtoanother/oneviewtoanother-Prefix.pch";
				INFOPLIST_FILE = "oneviewtoanother/oneviewtoanother-Info.plist";
				PRODUCT_NAME = "$(TARGET_NAME)";
				WRAPPER_EXTENSION = app;
			};
			name = Debug;
		};
		2CC2BB8B15FF04BB00693A32 /* Release */ = {
			isa = XCBuildConfiguration;
			buildSettings = {
				GCC_PRECOMPILE_PREFIX_HEADER = YES;
				GCC_PREFIX_HEADER = "oneviewtoanother/oneviewtoanother-Prefix.pch";
				INFOPLIST_FILE = "oneviewtoanother/oneviewtoanother-Info.plist";
				PRODUCT_NAME = "$(TARGET_NAME)";
				WRAPPER_EXTENSION = app;
			};
			name = Release;
		};
/* End XCBuildConfiguration section */

/* Begin XCConfigurationList section */
		2CC2BB6515FF04B900693A32 /* Build configuration list for PBXProject "oneviewtoanother" */ = {
			isa = XCConfigurationList;
			buildConfigurations = (
				2CC2BB8715FF04BB00693A32 /* Debug */,
				2CC2BB8815FF04BB00693A32 /* Release */,
			);
			defaultConfigurationIsVisible = 0;
			defaultConfigurationName = Release;
		};
		2CC2BB8915FF04BB00693A32 /* Build configuration list for PBXNativeTarget "oneviewtoanother" */ = {
			isa = XCConfigurationList;
			buildConfigurations = (
				2CC2BB8A15FF04BB00693A32 /* Debug */,
				2CC2BB8B15FF04BB00693A32 /* Release */,
			);
			defaultConfigurationIsVisible = 0;
		};
/* End XCConfigurationList section */
	};
	rootObject = 2CC2BB6215FF04B900693A32 /* Project object */;
}
